
Microsoft Visual Studio Solution File, Format Version 12.00
# Visual Studio 15
VisualStudioVersion = 15.0.28307.489
MinimumVisualStudioVersion = 10.0.40219.1
Project("{FAE04EC0-301F-11D3-BF4B-00C04F79EFBC}") = "NewsPortal", "NewsPortal\NewsPortal.csproj", "{1E36FDC5-454A-4F4D-99A5-C70F7968920F}"
EndProject
Project("{FAE04EC0-301F-11D3-BF4B-00C04F79EFBC}") = "News.Model", "News.Model\News.Model.csproj", "{E4B802AC-FE82-425E-89C1-275A49CBC601}"
EndProject
Project("{FAE04EC0-301F-11D3-BF4B-00C04F79EFBC}") = "News.Business", "NewsBusiness\News.Business.csproj", "{255E8ACF-9E65-44E5-8CC1-188CFF50BE43}"
EndProject
Global
	GlobalSection(SolutionConfigurationPlatforms) = preSolution
		Debug|Any CPU = Debug|Any CPU
		Release|Any CPU = Release|Any CPU
	EndGlobalSection
	GlobalSection(ProjectConfigurationPlatforms) = postSolution
		{1E36FDC5-454A-4F4D-99A5-C70F7968920F}.Debug|Any CPU.ActiveCfg = Debug|Any CPU
		{1E36FDC5-454A-4F4D-99A5-C70F7968920F}.Debug|Any CPU.Build.0 = Debug|Any CPU
		{1E36FDC5-454A-4F4D-99A5-C70F7968920F}.Release|Any CPU.ActiveCfg = Release|Any CPU
		{1E36FDC5-454A-4F4D-99A5-C70F7968920F}.Release|Any CPU.Build.0 = Release|Any CPU
		{E4B802AC-FE82-425E-89C1-275A49CBC601}.Debug|Any CPU.ActiveCfg = Debug|Any CPU
		{E4B802AC-FE82-425E-89C1-275A49CBC601}.Debug|Any CPU.Build.0 = Debug|Any CPU
		{E4B802AC-FE82-425E-89C1-275A49CBC601}.Release|Any CPU.ActiveCfg = Release|Any CPU
		{E4B802AC-FE82-425E-89C1-275A49CBC601}.Release|Any CPU.Build.0 = Release|Any CPU
		{255E8ACF-9E65-44E5-8CC1-188CFF50BE43}.Debug|Any CPU.ActiveCfg = Debug|Any CPU
		{255E8ACF-9E65-44E5-8CC1-188CFF50BE43}.Debug|Any CPU.Build.0 = Debug|Any CPU
		{255E8ACF-9E65-44E5-8CC1-188CFF50BE43}.Release|Any CPU.ActiveCfg = Release|Any CPU
		{255E8ACF-9E65-44E5-8CC1-188CFF50BE43}.Release|Any CPU.Build.0 = Release|Any CPU
	EndGlobalSection
	GlobalSection(SolutionProperties) = preSolution
		HideSolutionNode = FALSE
	EndGlobalSection
	GlobalSection(ExtensibilityGlobals) = postSolution
		SolutionGuid = {5862CEFA-1D3C-43AA-A52E-65AEC4C2450B}
	EndGlobalSection
EndGlobal
